# This file is automatically @generated by Cargo.
# It is not intended for manual editing.
version = 4

[[package]]
name = "rev-app"
version = "0.1.0"

[[package]]
name = "rev-core"
version = "0.1.0"

[[package]]
name = "rev-engine"
version = "0.1.0"

[[package]]
name = "rev-midi"
version = "0.1.0"

[[package]]
name = "rev-store"
version = "0.1.0"

[[package]]
name = "rev-ui-kit"
version = "0.1.0"

[[package]]
name = "rev-ui-mech"
version = "0.1.0"
